# This is a Gradle generated file for dependency locking.
# Manual edits can break the build and are not advised.
# This file is expected to be part of source control.
androidx.annotation:annotation-jvm:1.8.2=debugAndroidTestCompileClasspath,debugAndroidTestLintChecksClasspath,debugCompileClasspath,debugLintChecksClasspath,debugRuntimeClasspath,debugUnitTestCompileClasspath,debugUnitTestLintChecksClasspath,debugUnitTestRuntimeClasspath,releaseCompileClasspath,releaseLintChecksClasspath,releaseRuntimeClasspath
com.google.code.gson:gson:2.13.2=debugAndroidTestCompileClasspath,debugAndroidTestLintChecksClasspath,debugCompileClasspath,debugLintChecksClasspath,debugRuntimeClasspath,debugUnitTestCompileClasspath,debugUnitTestLintChecksClasspath,debugUnitTestRuntimeClasspath,releaseCompileClasspath,releaseLintChecksClasspath,releaseRuntimeClasspath
com.google.crypto.tink:tink-android:1.23.0=debugAndroidTestCompileClasspath,debugAndroidTestLintChecksClasspath,debugCompileClasspath,debugLintChecksClasspath,debugRuntimeClasspath,debugUnitTestCompileClasspath,debugUnitTestLintChecksClasspath,debugUnitTestRuntimeClasspath,releaseCompileClasspath,releaseLintChecksClasspath,releaseRuntimeClasspath
com.google.errorprone:error_prone_annotations:2.41.0=debugAndroidTestCompileClasspath,debugAndroidTestLintChecksClasspath,debugCompileClasspath,debugLintChecksClasspath,debugRuntimeClasspath,debugUnitTestCompileClasspath,debugUnitTestLintChecksClasspath,debugUnitTestRuntimeClasspath,releaseCompileClasspath,releaseLintChecksClasspath,releaseRuntimeClasspath
junit:junit:4.13.2=debugUnitTestCompileClasspath,debugUnitTestLintChecksClasspath,debugUnitTestRuntimeClasspath
org.hamcrest:hamcrest-core:1.3=debugUnitTestCompileClasspath,debugUnitTestLintChecksClasspath,debugUnitTestRuntimeClasspath
org.jetbrains.kotlin:kotlin-stdlib:2.2.10=debugAndroidTestCompileClasspath,debugAndroidTestLintChecksClasspath,debugCompileClasspath,debugLintChecksClasspath,debugRuntimeClasspath,debugUnitTestCompileClasspath,debugUnitTestLintChecksClasspath,debugUnitTestRuntimeClasspath,releaseCompileClasspath,releaseLintChecksClasspath,releaseRuntimeClasspath
org.jetbrains:annotations:13.0=debugAndroidTestCompileClasspath,debugAndroidTestLintChecksClasspath,debugCompileClasspath,debugLintChecksClasspath,debugRuntimeClasspath,debugUnitTestCompileClasspath,debugUnitTestLintChecksClasspath,debugUnitTestRuntimeClasspath,releaseCompileClasspath,releaseLintChecksClasspath,releaseRuntimeClasspath
empty=debugAndroidTestAnnotationProcessorClasspath,debugAndroidTestApiDependenciesMetadata,debugAndroidTestCompileOnlyDependenciesMetadata,debugAndroidTestImplementationDependenciesMetadata,debugAndroidTestIntransitiveDependenciesMetadata,debugAndroidTestRuntimeClasspath,debugAnnotationProcessorClasspath,debugApiDependenciesMetadata,debugCompileOnlyDependenciesMetadata,debugImplementationDependenciesMetadata,debugIntransitiveDependenciesMetadata,debugReverseMetadataValues,debugUnitTestAnnotationProcessorClasspath,debugUnitTestApiDependenciesMetadata,debugUnitTestCompileOnlyDependenciesMetadata,debugUnitTestImplementationDependenciesMetadata,debugUnitTestIntransitiveDependenciesMetadata,releaseAnnotationProcessorClasspath,releaseApiDependenciesMetadata,releaseCompileOnlyDependenciesMetadata,releaseImplementationDependenciesMetadata,releaseIntransitiveDependenciesMetadata,releaseReverseMetadataValues
